
Microsoft Visual Studio Solution File, Format Version 11.00
# Visual Studio 2010
Project("{FAE04EC0-301F-11D3-BF4B-00C04F79EFBC}") = "ModelProject", "Assembly-CSharp.csproj", "{C3321E69-3C7B-9F43-B443-63D143B249BF}"
EndProject
Global
	GlobalSection(SolutionConfigurationPlatforms) = preSolution
		Debug|Any CPU = Debug|Any CPU
		Release|Any CPU = Release|Any CPU
	EndGlobalSection
	GlobalSection(ProjectConfigurationPlatforms) = postSolution
		{C3321E69-3C7B-9F43-B443-63D143B249BF}.Debug|Any CPU.ActiveCfg = Debug|Any CPU
		{C3321E69-3C7B-9F43-B443-63D143B249BF}.Debug|Any CPU.Build.0 = Debug|Any CPU
		{C3321E69-3C7B-9F43-B443-63D143B249BF}.Release|Any CPU.ActiveCfg = Release|Any CPU
		{C3321E69-3C7B-9F43-B443-63D143B249BF}.Release|Any CPU.Build.0 = Release|Any CPU
	EndGlobalSection
	GlobalSection(SolutionProperties) = preSolution
		HideSolutionNode = FALSE
	EndGlobalSection
	GlobalSection(MonoDevelopProperties) = preSolution
		StartupItem = Assembly-CSharp.csproj
	EndGlobalSection
EndGlobal
